
Microsoft Visual Studio Solution File, Format Version 12.00
# Visual Studio Version 17
VisualStudioVersion = 17.14.36429.23
MinimumVisualStudioVersion = 10.0.40219.1
Project("{2150E333-8FDC-42A3-9474-1A3956D46DE8}") = "src", "src", "{02EA681E-C7D8-13C7-8484-4AC65E1B71E8}"
EndProject
Project("{FAE04EC0-301F-11D3-BF4B-00C04F79EFBC}") = "UniVoting.Admin", "src\UniVoting.Admin\UniVoting.Admin.csproj", "{294615EC-3623-41E3-CD78-242B85D95D0F}"
EndProject
Project("{FAE04EC0-301F-11D3-BF4B-00C04F79EFBC}") = "UniVoting.Client", "src\UniVoting.Client\UniVoting.Client.csproj", "{78ED44E1-5581-7146-007E-6F705652F875}"
EndProject
Project("{FAE04EC0-301F-11D3-BF4B-00C04F79EFBC}") = "UniVoting.Data", "src\UniVoting.Data\UniVoting.Data.csproj", "{BE84DEFE-EC25-F0EE-58A4-2129625DC5EB}"
EndProject
Project("{FAE04EC0-301F-11D3-BF4B-00C04F79EFBC}") = "UniVoting.LiveView", "src\UniVoting.LiveView\UniVoting.LiveView.csproj", "{A67B8879-7791-EC81-C8B0-F5D9B79636B4}"
EndProject
Project("{FAE04EC0-301F-11D3-BF4B-00C04F79EFBC}") = "UniVoting.Model", "src\UniVoting.Model\UniVoting.Model.csproj", "{E36D5D4B-D5C5-ABC1-6E1F-594EFEF6A80B}"
EndProject
Project("{FAE04EC0-301F-11D3-BF4B-00C04F79EFBC}") = "Univoting.Reporting", "src\Univoting.Reporting\Univoting.Reporting.csproj", "{9CCD3514-0F0C-2D1B-0651-F747BCD35249}"
EndProject
Project("{FAE04EC0-301F-11D3-BF4B-00C04F79EFBC}") = "UniVoting.Services", "src\UniVoting.Services\UniVoting.Services.csproj", "{28E5B375-AF88-A66B-1364-2ADC08241033}"
EndProject
Global
	GlobalSection(SolutionConfigurationPlatforms) = preSolution
		AppVeyor|Any CPU = AppVeyor|Any CPU
		Debug|Any CPU = Debug|Any CPU
		Release|Any CPU = Release|Any CPU
	EndGlobalSection
	GlobalSection(ProjectConfigurationPlatforms) = postSolution
		{294615EC-3623-41E3-CD78-242B85D95D0F}.AppVeyor|Any CPU.ActiveCfg = AppVeyor|Any CPU
		{294615EC-3623-41E3-CD78-242B85D95D0F}.AppVeyor|Any CPU.Build.0 = AppVeyor|Any CPU
		{294615EC-3623-41E3-CD78-242B85D95D0F}.Debug|Any CPU.ActiveCfg = Debug|Any CPU
		{294615EC-3623-41E3-CD78-242B85D95D0F}.Debug|Any CPU.Build.0 = Debug|Any CPU
		{294615EC-3623-41E3-CD78-242B85D95D0F}.Release|Any CPU.ActiveCfg = Release|Any CPU
		{294615EC-3623-41E3-CD78-242B85D95D0F}.Release|Any CPU.Build.0 = Release|Any CPU
		{78ED44E1-5581-7146-007E-6F705652F875}.AppVeyor|Any CPU.ActiveCfg = AppVeyor|Any CPU
		{78ED44E1-5581-7146-007E-6F705652F875}.AppVeyor|Any CPU.Build.0 = AppVeyor|Any CPU
		{78ED44E1-5581-7146-007E-6F705652F875}.Debug|Any CPU.ActiveCfg = Debug|Any CPU
		{78ED44E1-5581-7146-007E-6F705652F875}.Debug|Any CPU.Build.0 = Debug|Any CPU
		{78ED44E1-5581-7146-007E-6F705652F875}.Release|Any CPU.ActiveCfg = Release|Any CPU
		{78ED44E1-5581-7146-007E-6F705652F875}.Release|Any CPU.Build.0 = Release|Any CPU
		{BE84DEFE-EC25-F0EE-58A4-2129625DC5EB}.AppVeyor|Any CPU.ActiveCfg = AppVeyor|Any CPU
		{BE84DEFE-EC25-F0EE-58A4-2129625DC5EB}.AppVeyor|Any CPU.Build.0 = AppVeyor|Any CPU
		{BE84DEFE-EC25-F0EE-58A4-2129625DC5EB}.Debug|Any CPU.ActiveCfg = Debug|Any CPU
		{BE84DEFE-EC25-F0EE-58A4-2129625DC5EB}.Debug|Any CPU.Build.0 = Debug|Any CPU
		{BE84DEFE-EC25-F0EE-58A4-2129625DC5EB}.Release|Any CPU.ActiveCfg = Release|Any CPU
		{BE84DEFE-EC25-F0EE-58A4-2129625DC5EB}.Release|Any CPU.Build.0 = Release|Any CPU
		{A67B8879-7791-EC81-C8B0-F5D9B79636B4}.AppVeyor|Any CPU.ActiveCfg = AppVeyor|Any CPU
		{A67B8879-7791-EC81-C8B0-F5D9B79636B4}.AppVeyor|Any CPU.Build.0 = AppVeyor|Any CPU
		{A67B8879-7791-EC81-C8B0-F5D9B79636B4}.Debug|Any CPU.ActiveCfg = Debug|Any CPU
		{A67B8879-7791-EC81-C8B0-F5D9B79636B4}.Debug|Any CPU.Build.0 = Debug|Any CPU
		{A67B8879-7791-EC81-C8B0-F5D9B79636B4}.Release|Any CPU.ActiveCfg = Release|Any CPU
		{A67B8879-7791-EC81-C8B0-F5D9B79636B4}.Release|Any CPU.Build.0 = Release|Any CPU
		{E36D5D4B-D5C5-ABC1-6E1F-594EFEF6A80B}.AppVeyor|Any CPU.ActiveCfg = AppVeyor|Any CPU
		{E36D5D4B-D5C5-ABC1-6E1F-594EFEF6A80B}.AppVeyor|Any CPU.Build.0 = AppVeyor|Any CPU
		{E36D5D4B-D5C5-ABC1-6E1F-594EFEF6A80B}.Debug|Any CPU.ActiveCfg = Debug|Any CPU
		{E36D5D4B-D5C5-ABC1-6E1F-594EFEF6A80B}.Debug|Any CPU.Build.0 = Debug|Any CPU
		{E36D5D4B-D5C5-ABC1-6E1F-594EFEF6A80B}.Release|Any CPU.ActiveCfg = Release|Any CPU
		{E36D5D4B-D5C5-ABC1-6E1F-594EFEF6A80B}.Release|Any CPU.Build.0 = Release|Any CPU
		{9CCD3514-0F0C-2D1B-0651-F747BCD35249}.AppVeyor|Any CPU.ActiveCfg = AppVeyor|Any CPU
		{9CCD3514-0F0C-2D1B-0651-F747BCD35249}.AppVeyor|Any CPU.Build.0 = AppVeyor|Any CPU
		{9CCD3514-0F0C-2D1B-0651-F747BCD35249}.Debug|Any CPU.ActiveCfg = Debug|Any CPU
		{9CCD3514-0F0C-2D1B-0651-F747BCD35249}.Debug|Any CPU.Build.0 = Debug|Any CPU
		{9CCD3514-0F0C-2D1B-0651-F747BCD35249}.Release|Any CPU.ActiveCfg = Release|Any CPU
		{9CCD3514-0F0C-2D1B-0651-F747BCD35249}.Release|Any CPU.Build.0 = Release|Any CPU
		{28E5B375-AF88-A66B-1364-2ADC08241033}.AppVeyor|Any CPU.ActiveCfg = AppVeyor|Any CPU
		{28E5B375-AF88-A66B-1364-2ADC08241033}.AppVeyor|Any CPU.Build.0 = AppVeyor|Any CPU
		{28E5B375-AF88-A66B-1364-2ADC08241033}.Debug|Any CPU.ActiveCfg = Debug|Any CPU
		{28E5B375-AF88-A66B-1364-2ADC08241033}.Debug|Any CPU.Build.0 = Debug|Any CPU
		{28E5B375-AF88-A66B-1364-2ADC08241033}.Release|Any CPU.ActiveCfg = Release|Any CPU
		{28E5B375-AF88-A66B-1364-2ADC08241033}.Release|Any CPU.Build.0 = Release|Any CPU
	EndGlobalSection
	GlobalSection(SolutionProperties) = preSolution
		HideSolutionNode = FALSE
	EndGlobalSection
	GlobalSection(NestedProjects) = preSolution
		{294615EC-3623-41E3-CD78-242B85D95D0F} = {02EA681E-C7D8-13C7-8484-4AC65E1B71E8}
		{78ED44E1-5581-7146-007E-6F705652F875} = {02EA681E-C7D8-13C7-8484-4AC65E1B71E8}
		{BE84DEFE-EC25-F0EE-58A4-2129625DC5EB} = {02EA681E-C7D8-13C7-8484-4AC65E1B71E8}
		{A67B8879-7791-EC81-C8B0-F5D9B79636B4} = {02EA681E-C7D8-13C7-8484-4AC65E1B71E8}
		{E36D5D4B-D5C5-ABC1-6E1F-594EFEF6A80B} = {02EA681E-C7D8-13C7-8484-4AC65E1B71E8}
		{9CCD3514-0F0C-2D1B-0651-F747BCD35249} = {02EA681E-C7D8-13C7-8484-4AC65E1B71E8}
		{28E5B375-AF88-A66B-1364-2ADC08241033} = {02EA681E-C7D8-13C7-8484-4AC65E1B71E8}
	EndGlobalSection
	GlobalSection(ExtensibilityGlobals) = postSolution
		SolutionGuid = {BD549C84-D768-4E8D-94BC-2132EB41608D}
	EndGlobalSection
EndGlobal
